
Microsoft Visual Studio Solution File, Format Version 12.00
# Visual Studio Version 17
VisualStudioVersion = 17.9.34723.18
MinimumVisualStudioVersion = 10.0.40219.1
Project("{FAE04EC0-301F-11D3-BF4B-00C04F79EFBC}") = "ReproductorDeMusica", "ReproductorDeMusica\ReproductorDeMusica.csproj", "{ABAA5D60-C3D8-4F2C-91BD-B563BB6F3F2D}"
EndProject
Global
	GlobalSection(SolutionConfigurationPlatforms) = preSolution
		Debug|Any CPU = Debug|Any CPU
		Release|Any CPU = Release|Any CPU
	EndGlobalSection
	GlobalSection(ProjectConfigurationPlatforms) = postSolution
		{ABAA5D60-C3D8-4F2C-91BD-B563BB6F3F2D}.Debug|Any CPU.ActiveCfg = Debug|Any CPU
		{ABAA5D60-C3D8-4F2C-91BD-B563BB6F3F2D}.Debug|Any CPU.Build.0 = Debug|Any CPU
		{ABAA5D60-C3D8-4F2C-91BD-B563BB6F3F2D}.Release|Any CPU.ActiveCfg = Release|Any CPU
		{ABAA5D60-C3D8-4F2C-91BD-B563BB6F3F2D}.Release|Any CPU.Build.0 = Release|Any CPU
	EndGlobalSection
	GlobalSection(SolutionProperties) = preSolution
		HideSolutionNode = FALSE
	EndGlobalSection
	GlobalSection(ExtensibilityGlobals) = postSolution
		SolutionGuid = {51B4EB22-6F94-4FE1-BCEC-957221FD79D4}
	EndGlobalSection
EndGlobal
